
Microsoft Visual Studio Solution File, Format Version 12.00
# Visual Studio Version 16
VisualStudioVersion = 16.0.30225.117
MinimumVisualStudioVersion = 10.0.40219.1
Project("{FAE04EC0-301F-11D3-BF4B-00C04F79EFBC}") = "WindowsFormsApp1", "WindowsFormsApp1.csproj", "{062CFDB7-32E6-48F4-9587-8BEA966A61D0}"
EndProject
Global
	GlobalSection(SolutionConfigurationPlatforms) = preSolution
		Debug|Any CPU = Debug|Any CPU
		Release|Any CPU = Release|Any CPU
	EndGlobalSection
	GlobalSection(ProjectConfigurationPlatforms) = postSolution
		{062CFDB7-32E6-48F4-9587-8BEA966A61D0}.Debug|Any CPU.ActiveCfg = Debug|Any CPU
		{062CFDB7-32E6-48F4-9587-8BEA966A61D0}.Debug|Any CPU.Build.0 = Debug|Any CPU
		{062CFDB7-32E6-48F4-9587-8BEA966A61D0}.Release|Any CPU.ActiveCfg = Release|Any CPU
		{062CFDB7-32E6-48F4-9587-8BEA966A61D0}.Release|Any CPU.Build.0 = Release|Any CPU
	EndGlobalSection
	GlobalSection(SolutionProperties) = preSolution
		HideSolutionNode = FALSE
	EndGlobalSection
	GlobalSection(ExtensibilityGlobals) = postSolution
		SolutionGuid = {CFD1C8D5-13A7-4912-BC15-D32B31731496}
	EndGlobalSection
EndGlobal
